
Microsoft Visual Studio Solution File, Format Version 12.00
# Visual Studio 2013
VisualStudioVersion = 12.0.30723.0
MinimumVisualStudioVersion = 10.0.40219.1
Project("{FAE04EC0-301F-11D3-BF4B-00C04F79EFBC}") = "BlankJournal", "BlankJournal\BlankJournal.csproj", "{C5E97830-B005-47A1-AFE7-DCC0EE0C3E9E}"
EndProject
Project("{FAE04EC0-301F-11D3-BF4B-00C04F79EFBC}") = "MainSL", "MainSL\MainSL.csproj", "{956A420A-4F83-4327-834C-E867457A916B}"
	ProjectSection(ProjectDependencies) = postProject
		{C5E97830-B005-47A1-AFE7-DCC0EE0C3E9E} = {C5E97830-B005-47A1-AFE7-DCC0EE0C3E9E}
	EndProjectSection
EndProject
Global
	GlobalSection(SolutionConfigurationPlatforms) = preSolution
		Debug|Any CPU = Debug|Any CPU
		Release|Any CPU = Release|Any CPU
	EndGlobalSection
	GlobalSection(ProjectConfigurationPlatforms) = postSolution
		{C5E97830-B005-47A1-AFE7-DCC0EE0C3E9E}.Debug|Any CPU.ActiveCfg = Debug|Any CPU
		{C5E97830-B005-47A1-AFE7-DCC0EE0C3E9E}.Debug|Any CPU.Build.0 = Debug|Any CPU
		{C5E97830-B005-47A1-AFE7-DCC0EE0C3E9E}.Release|Any CPU.ActiveCfg = Release|Any CPU
		{C5E97830-B005-47A1-AFE7-DCC0EE0C3E9E}.Release|Any CPU.Build.0 = Release|Any CPU
		{956A420A-4F83-4327-834C-E867457A916B}.Debug|Any CPU.ActiveCfg = Debug|Any CPU
		{956A420A-4F83-4327-834C-E867457A916B}.Debug|Any CPU.Build.0 = Debug|Any CPU
		{956A420A-4F83-4327-834C-E867457A916B}.Release|Any CPU.ActiveCfg = Release|Any CPU
		{956A420A-4F83-4327-834C-E867457A916B}.Release|Any CPU.Build.0 = Release|Any CPU
	EndGlobalSection
	GlobalSection(SolutionProperties) = preSolution
		HideSolutionNode = FALSE
	EndGlobalSection
EndGlobal
